// !$*UTF8*$!
{
	archiveVersion = 1;
	classes = {
	};
	objectVersion = 56;
	objects = {

/* Begin PBXBuildFile section */
		041940DF2A3FFF3C00E47FC2 /* AppDelegate.swift in Sources */ = {isa = PBXBuildFile; fileRef = 041940DE2A3FFF3C00E47FC2 /* AppDelegate.swift */; };
		041940E12A3FFF3C00E47FC2 /* SceneDelegate.swift in Sources */ = {isa = PBXBuildFile; fileRef = 041940E02A3FFF3C00E47FC2 /* SceneDelegate.swift */; };
		041940E62A3FFF3C00E47FC2 /* Main.storyboard in Resources */ = {isa = PBXBuildFile; fileRef = 041940E42A3FFF3C00E47FC2 /* Main.storyboard */; };
		041940E82A3FFF3E00E47FC2 /* Assets.xcassets in Resources */ = {isa = PBXBuildFile; fileRef = 041940E72A3FFF3E00E47FC2 /* Assets.xcassets */; };
		041940EB2A3FFF3E00E47FC2 /* LaunchScreen.storyboard in Resources */ = {isa = PBXBuildFile; fileRef = 041940E92A3FFF3E00E47FC2 /* LaunchScreen.storyboard */; };
		041940FD2A40031100E47FC2 /* ProductListViewController.swift in Sources */ = {isa = PBXBuildFile; fileRef = 041940FC2A40031100E47FC2 /* ProductListViewController.swift */; };
		041940FF2A40051F00E47FC2 /* ProductViewModel.swift in Sources */ = {isa = PBXBuildFile; fileRef = 041940FE2A40051F00E47FC2 /* ProductViewModel.swift */; };
		041941012A40053200E47FC2 /* GetProductModel.swift in Sources */ = {isa = PBXBuildFile; fileRef = 041941002A40053200E47FC2 /* GetProductModel.swift */; };
		041941042A4006BF00E47FC2 /* ProductListViewCell.swift in Sources */ = {isa = PBXBuildFile; fileRef = 041941022A4006BF00E47FC2 /* ProductListViewCell.swift */; };
		041941052A4006BF00E47FC2 /* ProductListViewCell.xib in Resources */ = {isa = PBXBuildFile; fileRef = 041941032A4006BF00E47FC2 /* ProductListViewCell.xib */; };
		041941072A40144C00E47FC2 /* NetworkManager.swift in Sources */ = {isa = PBXBuildFile; fileRef = 041941062A40144C00E47FC2 /* NetworkManager.swift */; };
		041941092A40147C00E47FC2 /* NetworkError.swift in Sources */ = {isa = PBXBuildFile; fileRef = 041941082A40147C00E47FC2 /* NetworkError.swift */; };
		0419410B2A402ADF00E47FC2 /* EventHandle.swift in Sources */ = {isa = PBXBuildFile; fileRef = 0419410A2A402ADF00E47FC2 /* EventHandle.swift */; };
		0419410D2A402CEA00E47FC2 /* URLConstant.swift in Sources */ = {isa = PBXBuildFile; fileRef = 0419410C2A402CEA00E47FC2 /* URLConstant.swift */; };
		041941102A40372600E47FC2 /* Kingfisher in Frameworks */ = {isa = PBXBuildFile; productRef = 0419410F2A40372600E47FC2 /* Kingfisher */; };
		041941122A40375900E47FC2 /* Kingfisher Extension.swift in Sources */ = {isa = PBXBuildFile; fileRef = 041941112A40375900E47FC2 /* Kingfisher Extension.swift */; };
		041941182A40B29600E47FC2 /* ProvideProductInfoViewController.swift in Sources */ = {isa = PBXBuildFile; fileRef = 041941172A40B29600E47FC2 /* ProvideProductInfoViewController.swift */; };
		0419411A2A40B2B900E47FC2 /* PostProductModel.swift in Sources */ = {isa = PBXBuildFile; fileRef = 041941192A40B2B900E47FC2 /* PostProductModel.swift */; };
		0419411C2A40B8F500E47FC2 /* ProvideProductInfoViewModel.swift in Sources */ = {isa = PBXBuildFile; fileRef = 0419411B2A40B8F500E47FC2 /* ProvideProductInfoViewModel.swift */; };
		0419411F2A40BB0900E47FC2 /* ProductContent.swift in Sources */ = {isa = PBXBuildFile; fileRef = 0419411E2A40BB0900E47FC2 /* ProductContent.swift */; };
		0483F2F82A42CE0D00DDF13F /* ProductUpdateResponse.swift in Sources */ = {isa = PBXBuildFile; fileRef = 0483F2F72A42CE0D00DDF13F /* ProductUpdateResponse.swift */; };
		0483F2FA2A42CE2E00DDF13F /* UpdateViewModel.swift in Sources */ = {isa = PBXBuildFile; fileRef = 0483F2F92A42CE2E00DDF13F /* UpdateViewModel.swift */; };
		04E534FA2A4227950019EFA3 /* UpdateViewController.swift in Sources */ = {isa = PBXBuildFile; fileRef = 04E534F92A4227950019EFA3 /* UpdateViewController.swift */; };
/* End PBXBuildFile section */

/* Begin PBXFileReference section */
		041940DB2A3FFF3C00E47FC2 /* ProductUIUsingRESTAPI.app */ = {isa = PBXFileReference; explicitFileType = wrapper.application; includeInIndex = 0; path = ProductUIUsingRESTAPI.app; sourceTree = BUILT_PRODUCTS_DIR; };
		041940DE2A3FFF3C00E47FC2 /* AppDelegate.swift */ = {isa = PBXFileReference; lastKnownFileType = sourcecode.swift; path = AppDelegate.swift; sourceTree = "<group>"; };
		041940E02A3FFF3C00E47FC2 /* SceneDelegate.swift */ = {isa = PBXFileReference; lastKnownFileType = sourcecode.swift; path = SceneDelegate.swift; sourceTree = "<group>"; };
		041940E52A3FFF3C00E47FC2 /* Base */ = {isa = PBXFileReference; lastKnownFileType = file.storyboard; name = Base; path = Base.lproj/Main.storyboard; sourceTree = "<group>"; };
		041940E72A3FFF3E00E47FC2 /* Assets.xcassets */ = {isa = PBXFileReference; lastKnownFileType = folder.assetcatalog; path = Assets.xcassets; sourceTree = "<group>"; };
		041940EA2A3FFF3E00E47FC2 /* Base */ = {isa = PBXFileReference; lastKnownFileType = file.storyboard; name = Base; path = Base.lproj/LaunchScreen.storyboard; sourceTree = "<group>"; };
		041940EC2A3FFF3E00E47FC2 /* Info.plist */ = {isa = PBXFileReference; lastKnownFileType = text.plist.xml; path = Info.plist; sourceTree = "<group>"; };
		041940FC2A40031100E47FC2 /* ProductListViewController.swift */ = {isa = PBXFileReference; lastKnownFileType = sourcecode.swift; path = ProductListViewController.swift; sourceTree = "<group>"; };
		041940FE2A40051F00E47FC2 /* ProductViewModel.swift */ = {isa = PBXFileReference; lastKnownFileType = sourcecode.swift; path = ProductViewModel.swift; sourceTree = "<group>"; };
		041941002A40053200E47FC2 /* GetProductModel.swift */ = {isa = PBXFileReference; lastKnownFileType = sourcecode.swift; path = GetProductModel.swift; sourceTree = "<group>"; };
		041941022A4006BF00E47FC2 /* ProductListViewCell.swift */ = {isa = PBXFileReference; lastKnownFileType = sourcecode.swift; path = ProductListViewCell.swift; sourceTree = "<group>"; };
		041941032A4006BF00E47FC2 /* ProductListViewCell.xib */ = {isa = PBXFileReference; lastKnownFileType = file.xib; path = ProductListViewCell.xib; sourceTree = "<group>"; };
		041941062A40144C00E47FC2 /* NetworkManager.swift */ = {isa = PBXFileReference; lastKnownFileType = sourcecode.swift; path = NetworkManager.swift; sourceTree = "<group>"; };
		041941082A40147C00E47FC2 /* NetworkError.swift */ = {isa = PBXFileReference; lastKnownFileType = sourcecode.swift; path = NetworkError.swift; sourceTree = "<group>"; };
		0419410A2A402ADF00E47FC2 /* EventHandle.swift */ = {isa = PBXFileReference; lastKnownFileType = sourcecode.swift; path = EventHandle.swift; sourceTree = "<group>"; };
		0419410C2A402CEA00E47FC2 /* URLConstant.swift */ = {isa = PBXFileReference; lastKnownFileType = sourcecode.swift; path = URLConstant.swift; sourceTree = "<group>"; };
		041941112A40375900E47FC2 /* Kingfisher Extension.swift */ = {isa = PBXFileReference; lastKnownFileType = sourcecode.swift; path = "Kingfisher Extension.swift"; sourceTree = "<group>"; };
		041941172A40B29600E47FC2 /* ProvideProductInfoViewController.swift */ = {isa = PBXFileReference; lastKnownFileType = sourcecode.swift; path = ProvideProductInfoViewController.swift; sourceTree = "<group>"; };
		041941192A40B2B900E47FC2 /* PostProductModel.swift */ = {isa = PBXFileReference; lastKnownFileType = sourcecode.swift; path = PostProductModel.swift; sourceTree = "<group>"; };
		0419411B2A40B8F500E47FC2 /* ProvideProductInfoViewModel.swift */ = {isa = PBXFileReference; lastKnownFileType = sourcecode.swift; path = ProvideProductInfoViewModel.swift; sourceTree = "<group>"; };
		0419411E2A40BB0900E47FC2 /* ProductContent.swift */ = {isa = PBXFileReference; lastKnownFileType = sourcecode.swift; path = ProductContent.swift; sourceTree = "<group>"; };
		0483F2F72A42CE0D00DDF13F /* ProductUpdateResponse.swift */ = {isa = PBXFileReference; lastKnownFileType = sourcecode.swift; path = ProductUpdateResponse.swift; sourceTree = "<group>"; };
		0483F2F92A42CE2E00DDF13F /* UpdateViewModel.swift */ = {isa = PBXFileReference; lastKnownFileType = sourcecode.swift; path = UpdateViewModel.swift; sourceTree = "<group>"; };
		04E534F92A4227950019EFA3 /* UpdateViewController.swift */ = {isa = PBXFileReference; lastKnownFileType = sourcecode.swift; path = UpdateViewController.swift; sourceTree = "<group>"; };
/* End PBXFileReference section */

/* Begin PBXFrameworksBuildPhase section */
		041940D82A3FFF3C00E47FC2 /* Frameworks */ = {
			isa = PBXFrameworksBuildPhase;
			buildActionMask = 2147483647;
			files = (
				041941102A40372600E47FC2 /* Kingfisher in Frameworks */,
			);
			runOnlyForDeploymentPostprocessing = 0;
		};
/* End PBXFrameworksBuildPhase section */

/* Begin PBXGroup section */
		041940D22A3FFF3C00E47FC2 = {
			isa = PBXGroup;
			children = (
				041940DD2A3FFF3C00E47FC2 /* ProductUIUsingRESTAPI */,
				041940DC2A3FFF3C00E47FC2 /* Products */,
			);
			sourceTree = "<group>";
		};
		041940DC2A3FFF3C00E47FC2 /* Products */ = {
			isa = PBXGroup;
			children = (
				041940DB2A3FFF3C00E47FC2 /* ProductUIUsingRESTAPI.app */,
			);
			name = Products;
			sourceTree = "<group>";
		};
		041940DD2A3FFF3C00E47FC2 /* ProductUIUsingRESTAPI */ = {
			isa = PBXGroup;
			children = (
				0419411D2A40BAE600E47FC2 /* Common Models */,
				041940F72A40008900E47FC2 /* Application */,
				041940F62A40008600E47FC2 /* Network Manager */,
				041940F52A40008300E47FC2 /* Constant */,
				041940F42A40007500E47FC2 /* Extensions */,
				041940F32A40007300E47FC2 /* Screens */,
				041940F22A40006D00E47FC2 /* Storyboard */,
				041940E72A3FFF3E00E47FC2 /* Assets.xcassets */,
				041940EC2A3FFF3E00E47FC2 /* Info.plist */,
			);
			path = ProductUIUsingRESTAPI;
			sourceTree = "<group>";
		};
		041940F22A40006D00E47FC2 /* Storyboard */ = {
			isa = PBXGroup;
			children = (
				041940E92A3FFF3E00E47FC2 /* LaunchScreen.storyboard */,
				041940E42A3FFF3C00E47FC2 /* Main.storyboard */,
			);
			path = Storyboard;
			sourceTree = "<group>";
		};
		041940F32A40007300E47FC2 /* Screens */ = {
			isa = PBXGroup;
			children = (
				041940F82A4001BA00E47FC2 /* GET_Products */,
				041941132A40A9E000E47FC2 /* POST_Product */,
				04E534F52A4225380019EFA3 /* UPDATE_Products */,
			);
			path = Screens;
			sourceTree = "<group>";
		};
		041940F42A40007500E47FC2 /* Extensions */ = {
			isa = PBXGroup;
			children = (
				041941112A40375900E47FC2 /* Kingfisher Extension.swift */,
			);
			path = Extensions;
			sourceTree = "<group>";
		};
		041940F52A40008300E47FC2 /* Constant */ = {
			isa = PBXGroup;
			children = (
				0419410A2A402ADF00E47FC2 /* EventHandle.swift */,
				0419410C2A402CEA00E47FC2 /* URLConstant.swift */,
			);
			path = Constant;
			sourceTree = "<group>";
		};
		041940F62A40008600E47FC2 /* Network Manager */ = {
			isa = PBXGroup;
			children = (
				041941062A40144C00E47FC2 /* NetworkManager.swift */,
				041941082A40147C00E47FC2 /* NetworkError.swift */,
			);
			path = "Network Manager";
			sourceTree = "<group>";
		};
		041940F72A40008900E47FC2 /* Application */ = {
			isa = PBXGroup;
			children = (
				041940DE2A3FFF3C00E47FC2 /* AppDelegate.swift */,
				041940E02A3FFF3C00E47FC2 /* SceneDelegate.swift */,
			);
			path = Application;
			sourceTree = "<group>";
		};
		041940F82A4001BA00E47FC2 /* GET_Products */ = {
			isa = PBXGroup;
			children = (
				041940FB2A4001C900E47FC2 /* Model */,
				041940FA2A4001C700E47FC2 /* View */,
				041940F92A4001C400E47FC2 /* ViewModel */,
			);
			path = GET_Products;
			sourceTree = "<group>";
		};
		041940F92A4001C400E47FC2 /* ViewModel */ = {
			isa = PBXGroup;
			children = (
				041940FE2A40051F00E47FC2 /* ProductViewModel.swift */,
			);
			path = ViewModel;
			sourceTree = "<group>";
		};
		041940FA2A4001C700E47FC2 /* View */ = {
			isa = PBXGroup;
			children = (
				041940FC2A40031100E47FC2 /* ProductListViewController.swift */,
				041941022A4006BF00E47FC2 /* ProductListViewCell.swift */,
				041941032A4006BF00E47FC2 /* ProductListViewCell.xib */,
			);
			path = View;
			sourceTree = "<group>";
		};
		041940FB2A4001C900E47FC2 /* Model */ = {
			isa = PBXGroup;
			children = (
				041941002A40053200E47FC2 /* GetProductModel.swift */,
			);
			path = Model;
			sourceTree = "<group>";
		};
		041941132A40A9E000E47FC2 /* POST_Product */ = {
			isa = PBXGroup;
			children = (
				041941162A40AA0500E47FC2 /* Model */,
				041941152A40AA0200E47FC2 /* View */,
				041941142A40A9FC00E47FC2 /* ViewModel */,
			);
			path = POST_Product;
			sourceTree = "<group>";
		};
		041941142A40A9FC00E47FC2 /* ViewModel */ = {
			isa = PBXGroup;
			children = (
				0419411B2A40B8F500E47FC2 /* ProvideProductInfoViewModel.swift */,
			);
			path = ViewModel;
			sourceTree = "<group>";
		};
		041941152A40AA0200E47FC2 /* View */ = {
			isa = PBXGroup;
			children = (
				041941172A40B29600E47FC2 /* ProvideProductInfoViewController.swift */,
			);
			path = View;
			sourceTree = "<group>";
		};
		041941162A40AA0500E47FC2 /* Model */ = {
			isa = PBXGroup;
			children = (
				041941192A40B2B900E47FC2 /* PostProductModel.swift */,
			);
			path = Model;
			sourceTree = "<group>";
		};
		0419411D2A40BAE600E47FC2 /* Common Models */ = {
			isa = PBXGroup;
			children = (
				0419411E2A40BB0900E47FC2 /* ProductContent.swift */,
			);
			name = "Common Models";
			sourceTree = "<group>";
		};
		04E534F52A4225380019EFA3 /* UPDATE_Products */ = {
			isa = PBXGroup;
			children = (
				04E534F82A4225600019EFA3 /* Model */,
				04E534F72A42255D0019EFA3 /* View */,
				04E534F62A42255A0019EFA3 /* ViewModel */,
			);
			path = UPDATE_Products;
			sourceTree = "<group>";
		};
		04E534F62A42255A0019EFA3 /* ViewModel */ = {
			isa = PBXGroup;
			children = (
				0483F2F92A42CE2E00DDF13F /* UpdateViewModel.swift */,
			);
			path = ViewModel;
			sourceTree = "<group>";
		};
		04E534F72A42255D0019EFA3 /* View */ = {
			isa = PBXGroup;
			children = (
				04E534F92A4227950019EFA3 /* UpdateViewController.swift */,
			);
			path = View;
			sourceTree = "<group>";
		};
		04E534F82A4225600019EFA3 /* Model */ = {
			isa = PBXGroup;
			children = (
				0483F2F72A42CE0D00DDF13F /* ProductUpdateResponse.swift */,
			);
			path = Model;
			sourceTree = "<group>";
		};
/* End PBXGroup section */

/* Begin PBXNativeTarget section */
		041940DA2A3FFF3C00E47FC2 /* ProductUIUsingRESTAPI */ = {
			isa = PBXNativeTarget;
			buildConfigurationList = 041940EF2A3FFF3E00E47FC2 /* Build configuration list for PBXNativeTarget "ProductUIUsingRESTAPI" */;
			buildPhases = (
				041940D72A3FFF3C00E47FC2 /* Sources */,
				041940D82A3FFF3C00E47FC2 /* Frameworks */,
				041940D92A3FFF3C00E47FC2 /* Resources */,
			);
			buildRules = (
			);
			dependencies = (
			);
			name = ProductUIUsingRESTAPI;
			packageProductDependencies = (
				0419410F2A40372600E47FC2 /* Kingfisher */,
			);
			productName = ProductUIUsingRESTAPI;
			productReference = 041940DB2A3FFF3C00E47FC2 /* ProductUIUsingRESTAPI.app */;
			productType = "com.apple.product-type.application";
		};
/* End PBXNativeTarget section */

/* Begin PBXProject section */
		041940D32A3FFF3C00E47FC2 /* Project object */ = {
			isa = PBXProject;
			attributes = {
				BuildIndependentTargetsInParallel = 1;
				LastSwiftUpdateCheck = 1410;
				LastUpgradeCheck = 1410;
				TargetAttributes = {
					041940DA2A3FFF3C00E47FC2 = {
						CreatedOnToolsVersion = 14.1;
					};
				};
			};
			buildConfigurationList = 041940D62A3FFF3C00E47FC2 /* Build configuration list for PBXProject "ProductUIUsingRESTAPI" */;
			compatibilityVersion = "Xcode 14.0";
			developmentRegion = en;
			hasScannedForEncodings = 0;
			knownRegions = (
				en,
				Base,
			);
			mainGroup = 041940D22A3FFF3C00E47FC2;
			packageReferences = (
				0419410E2A40372600E47FC2 /* XCRemoteSwiftPackageReference "Kingfisher" */,
			);
			productRefGroup = 041940DC2A3FFF3C00E47FC2 /* Products */;
			projectDirPath = "";
			projectRoot = "";
			targets = (
				041940DA2A3FFF3C00E47FC2 /* ProductUIUsingRESTAPI */,
			);
		};
/* End PBXProject section */

/* Begin PBXResourcesBuildPhase section */
		041940D92A3FFF3C00E47FC2 /* Resources */ = {
			isa = PBXResourcesBuildPhase;
			buildActionMask = 2147483647;
			files = (
				041941052A4006BF00E47FC2 /* ProductListViewCell.xib in Resources */,
				041940EB2A3FFF3E00E47FC2 /* LaunchScreen.storyboard in Resources */,
				041940E82A3FFF3E00E47FC2 /* Assets.xcassets in Resources */,
				041940E62A3FFF3C00E47FC2 /* Main.storyboard in Resources */,
			);
			runOnlyForDeploymentPostprocessing = 0;
		};
/* End PBXResourcesBuildPhase section */

/* Begin PBXSourcesBuildPhase section */
		041940D72A3FFF3C00E47FC2 /* Sources */ = {
			isa = PBXSourcesBuildPhase;
			buildActionMask = 2147483647;
			files = (
				0419411F2A40BB0900E47FC2 /* ProductContent.swift in Sources */,
				0419411A2A40B2B900E47FC2 /* PostProductModel.swift in Sources */,
				0483F2F82A42CE0D00DDF13F /* ProductUpdateResponse.swift in Sources */,
				0419410B2A402ADF00E47FC2 /* EventHandle.swift in Sources */,
				041941122A40375900E47FC2 /* Kingfisher Extension.swift in Sources */,
				041940DF2A3FFF3C00E47FC2 /* AppDelegate.swift in Sources */,
				0419411C2A40B8F500E47FC2 /* ProvideProductInfoViewModel.swift in Sources */,
				041941092A40147C00E47FC2 /* NetworkError.swift in Sources */,
				04E534FA2A4227950019EFA3 /* UpdateViewController.swift in Sources */,
				0419410D2A402CEA00E47FC2 /* URLConstant.swift in Sources */,
				041940FD2A40031100E47FC2 /* ProductListViewController.swift in Sources */,
				041941182A40B29600E47FC2 /* ProvideProductInfoViewController.swift in Sources */,
				041941042A4006BF00E47FC2 /* ProductListViewCell.swift in Sources */,
				041941072A40144C00E47FC2 /* NetworkManager.swift in Sources */,
				041940FF2A40051F00E47FC2 /* ProductViewModel.swift in Sources */,
				041940E12A3FFF3C00E47FC2 /* SceneDelegate.swift in Sources */,
				041941012A40053200E47FC2 /* GetProductModel.swift in Sources */,
				0483F2FA2A42CE2E00DDF13F /* UpdateViewModel.swift in Sources */,
			);
			runOnlyForDeploymentPostprocessing = 0;
		};
/* End PBXSourcesBuildPhase section */

/* Begin PBXVariantGroup section */
		041940E42A3FFF3C00E47FC2 /* Main.storyboard */ = {
			isa = PBXVariantGroup;
			children = (
				041940E52A3FFF3C00E47FC2 /* Base */,
			);
			name = Main.storyboard;
			sourceTree = "<group>";
		};
		041940E92A3FFF3E00E47FC2 /* LaunchScreen.storyboard */ = {
			isa = PBXVariantGroup;
			children = (
				041940EA2A3FFF3E00E47FC2 /* Base */,
			);
			name = LaunchScreen.storyboard;
			sourceTree = "<group>";
		};
/* End PBXVariantGroup section */

/* Begin XCBuildConfiguration section */
		041940ED2A3FFF3E00E47FC2 /* Debug */ = {
			isa = XCBuildConfiguration;
			buildSettings = {
				ALWAYS_SEARCH_USER_PATHS = NO;
				CLANG_ANALYZER_NONNULL = YES;
				CLANG_ANALYZER_NUMBER_OBJECT_CONVERSION = YES_AGGRESSIVE;
				CLANG_CXX_LANGUAGE_STANDARD = "gnu++20";
				CLANG_ENABLE_MODULES = YES;
				CLANG_ENABLE_OBJC_ARC = YES;
				CLANG_ENABLE_OBJC_WEAK = YES;
				CLANG_WARN_BLOCK_CAPTURE_AUTORELEASING = YES;
				CLANG_WARN_BOOL_CONVERSION = YES;
				CLANG_WARN_COMMA = YES;
				CLANG_WARN_CONSTANT_CONVERSION = YES;
				CLANG_WARN_DEPRECATED_OBJC_IMPLEMENTATIONS = YES;
				CLANG_WARN_DIRECT_OBJC_ISA_USAGE = YES_ERROR;
				CLANG_WARN_DOCUMENTATION_COMMENTS = YES;
				CLANG_WARN_EMPTY_BODY = YES;
				CLANG_WARN_ENUM_CONVERSION = YES;
				CLANG_WARN_INFINITE_RECURSION = YES;
				CLANG_WARN_INT_CONVERSION = YES;
				CLANG_WARN_NON_LITERAL_NULL_CONVERSION = YES;
				CLANG_WARN_OBJC_IMPLICIT_RETAIN_SELF = YES;
				CLANG_WARN_OBJC_LITERAL_CONVERSION = YES;
				CLANG_WARN_OBJC_ROOT_CLASS = YES_ERROR;
				CLANG_WARN_QUOTED_INCLUDE_IN_FRAMEWORK_HEADER = YES;
				CLANG_WARN_RANGE_LOOP_ANALYSIS = YES;
				CLANG_WARN_STRICT_PROTOTYPES = YES;
				CLANG_WARN_SUSPICIOUS_MOVE = YES;
				CLANG_WARN_UNGUARDED_AVAILABILITY = YES_AGGRESSIVE;
				CLANG_WARN_UNREACHABLE_CODE = YES;
				CLANG_WARN__DUPLICATE_METHOD_MATCH = YES;
				COPY_PHASE_STRIP = NO;
				DEBUG_INFORMATION_FORMAT = dwarf;
				ENABLE_STRICT_OBJC_MSGSEND = YES;
				ENABLE_TESTABILITY = YES;
				GCC_C_LANGUAGE_STANDARD = gnu11;
				GCC_DYNAMIC_NO_PIC = NO;
				GCC_NO_COMMON_BLOCKS = YES;
				GCC_OPTIMIZATION_LEVEL = 0;
				GCC_PREPROCESSOR_DEFINITIONS = (
					"DEBUG=1",
					"$(inherited)",
				);
				GCC_WARN_64_TO_32_BIT_CONVERSION = YES;
				GCC_WARN_ABOUT_RETURN_TYPE = YES_ERROR;
				GCC_WARN_UNDECLARED_SELECTOR = YES;
				GCC_WARN_UNINITIALIZED_AUTOS = YES_AGGRESSIVE;
				GCC_WARN_UNUSED_FUNCTION = YES;
				GCC_WARN_UNUSED_VARIABLE = YES;
				IPHONEOS_DEPLOYMENT_TARGET = 16.1;
				MTL_ENABLE_DEBUG_INFO = INCLUDE_SOURCE;
				MTL_FAST_MATH = YES;
				ONLY_ACTIVE_ARCH = YES;
				SDKROOT = iphoneos;
				SWIFT_ACTIVE_COMPILATION_CONDITIONS = DEBUG;
				SWIFT_OPTIMIZATION_LEVEL = "-Onone";
			};
			name = Debug;
		};
		041940EE2A3FFF3E00E47FC2 /* Release */ = {
			isa = XCBuildConfiguration;
			buildSettings = {
				ALWAYS_SEARCH_USER_PATHS = NO;
				CLANG_ANALYZER_NONNULL = YES;
				CLANG_ANALYZER_NUMBER_OBJECT_CONVERSION = YES_AGGRESSIVE;
				CLANG_CXX_LANGUAGE_STANDARD = "gnu++20";
				CLANG_ENABLE_MODULES = YES;
				CLANG_ENABLE_OBJC_ARC = YES;
				CLANG_ENABLE_OBJC_WEAK = YES;
				CLANG_WARN_BLOCK_CAPTURE_AUTORELEASING = YES;
				CLANG_WARN_BOOL_CONVERSION = YES;
				CLANG_WARN_COMMA = YES;
				CLANG_WARN_CONSTANT_CONVERSION = YES;
				CLANG_WARN_DEPRECATED_OBJC_IMPLEMENTATIONS = YES;
				CLANG_WARN_DIRECT_OBJC_ISA_USAGE = YES_ERROR;
				CLANG_WARN_DOCUMENTATION_COMMENTS = YES;
				CLANG_WARN_EMPTY_BODY = YES;
				CLANG_WARN_ENUM_CONVERSION = YES;
				CLANG_WARN_INFINITE_RECURSION = YES;
				CLANG_WARN_INT_CONVERSION = YES;
				CLANG_WARN_NON_LITERAL_NULL_CONVERSION = YES;
				CLANG_WARN_OBJC_IMPLICIT_RETAIN_SELF = YES;
				CLANG_WARN_OBJC_LITERAL_CONVERSION = YES;
				CLANG_WARN_OBJC_ROOT_CLASS = YES_ERROR;
				CLANG_WARN_QUOTED_INCLUDE_IN_FRAMEWORK_HEADER = YES;
				CLANG_WARN_RANGE_LOOP_ANALYSIS = YES;
				CLANG_WARN_STRICT_PROTOTYPES = YES;
				CLANG_WARN_SUSPICIOUS_MOVE = YES;
				CLANG_WARN_UNGUARDED_AVAILABILITY = YES_AGGRESSIVE;
				CLANG_WARN_UNREACHABLE_CODE = YES;
				CLANG_WARN__DUPLICATE_METHOD_MATCH = YES;
				COPY_PHASE_STRIP = NO;
				DEBUG_INFORMATION_FORMAT = "dwarf-with-dsym";
				ENABLE_NS_ASSERTIONS = NO;
				ENABLE_STRICT_OBJC_MSGSEND = YES;
				GCC_C_LANGUAGE_STANDARD = gnu11;
				GCC_NO_COMMON_BLOCKS = YES;
				GCC_WARN_64_TO_32_BIT_CONVERSION = YES;
				GCC_WARN_ABOUT_RETURN_TYPE = YES_ERROR;
				GCC_WARN_UNDECLARED_SELECTOR = YES;
				GCC_WARN_UNINITIALIZED_AUTOS = YES_AGGRESSIVE;
				GCC_WARN_UNUSED_FUNCTION = YES;
				GCC_WARN_UNUSED_VARIABLE = YES;
				IPHONEOS_DEPLOYMENT_TARGET = 16.1;
				MTL_ENABLE_DEBUG_INFO = NO;
				MTL_FAST_MATH = YES;
				SDKROOT = iphoneos;
				SWIFT_COMPILATION_MODE = wholemodule;
				SWIFT_OPTIMIZATION_LEVEL = "-O";
				VALIDATE_PRODUCT = YES;
			};
			name = Release;
		};
		041940F02A3FFF3E00E47FC2 /* Debug */ = {
			isa = XCBuildConfiguration;
			buildSettings = {
				ASSETCATALOG_COMPILER_APPICON_NAME = AppIcon;
				ASSETCATALOG_COMPILER_GLOBAL_ACCENT_COLOR_NAME = AccentColor;
				CODE_SIGN_STYLE = Automatic;
				CURRENT_PROJECT_VERSION = 1;
				DEVELOPMENT_TEAM = 3KB9H7FNZB;
				GENERATE_INFOPLIST_FILE = YES;
				INFOPLIST_FILE = ProductUIUsingRESTAPI/Info.plist;
				INFOPLIST_KEY_UIApplicationSupportsIndirectInputEvents = YES;
				INFOPLIST_KEY_UILaunchStoryboardName = LaunchScreen;
				INFOPLIST_KEY_UIMainStoryboardFile = Main;
				INFOPLIST_KEY_UISupportedInterfaceOrientations_iPad = "UIInterfaceOrientationPortrait UIInterfaceOrientationPortraitUpsideDown UIInterfaceOrientationLandscapeLeft UIInterfaceOrientationLandscapeRight";
				INFOPLIST_KEY_UISupportedInterfaceOrientations_iPhone = "UIInterfaceOrientationPortrait UIInterfaceOrientationLandscapeLeft UIInterfaceOrientationLandscapeRight";
				LD_RUNPATH_SEARCH_PATHS = (
					"$(inherited)",
					"@executable_path/Frameworks",
				);
				MARKETING_VERSION = 1.0;
				PRODUCT_BUNDLE_IDENTIFIER = com.sadia.ProductUIUsingRESTAPI;
				PRODUCT_NAME = "$(TARGET_NAME)";
				SUPPORTED_PLATFORMS = "iphoneos iphonesimulator";
				SUPPORTS_MACCATALYST = NO;
				SUPPORTS_MAC_DESIGNED_FOR_IPHONE_IPAD = NO;
				SWIFT_EMIT_LOC_STRINGS = YES;
				SWIFT_VERSION = 5.0;
				TARGETED_DEVICE_FAMILY = 1;
			};
			name = Debug;
		};
		041940F12A3FFF3E00E47FC2 /* Release */ = {
			isa = XCBuildConfiguration;
			buildSettings = {
				ASSETCATALOG_COMPILER_APPICON_NAME = AppIcon;
				ASSETCATALOG_COMPILER_GLOBAL_ACCENT_COLOR_NAME = AccentColor;
				CODE_SIGN_STYLE = Automatic;
				CURRENT_PROJECT_VERSION = 1;
				DEVELOPMENT_TEAM = 3KB9H7FNZB;
				GENERATE_INFOPLIST_FILE = YES;
				INFOPLIST_FILE = ProductUIUsingRESTAPI/Info.plist;
				INFOPLIST_KEY_UIApplicationSupportsIndirectInputEvents = YES;
				INFOPLIST_KEY_UILaunchStoryboardName = LaunchScreen;
				INFOPLIST_KEY_UIMainStoryboardFile = Main;
				INFOPLIST_KEY_UISupportedInterfaceOrientations_iPad = "UIInterfaceOrientationPortrait UIInterfaceOrientationPortraitUpsideDown UIInterfaceOrientationLandscapeLeft UIInterfaceOrientationLandscapeRight";
				INFOPLIST_KEY_UISupportedInterfaceOrientations_iPhone = "UIInterfaceOrientationPortrait UIInterfaceOrientationLandscapeLeft UIInterfaceOrientationLandscapeRight";
				LD_RUNPATH_SEARCH_PATHS = (
					"$(inherited)",
					"@executable_path/Frameworks",
				);
				MARKETING_VERSION = 1.0;
				PRODUCT_BUNDLE_IDENTIFIER = com.sadia.ProductUIUsingRESTAPI;
				PRODUCT_NAME = "$(TARGET_NAME)";
				SUPPORTED_PLATFORMS = "iphoneos iphonesimulator";
				SUPPORTS_MACCATALYST = NO;
				SUPPORTS_MAC_DESIGNED_FOR_IPHONE_IPAD = NO;
				SWIFT_EMIT_LOC_STRINGS = YES;
				SWIFT_VERSION = 5.0;
				TARGETED_DEVICE_FAMILY = 1;
			};
			name = Release;
		};
/* End XCBuildConfiguration section */

/* Begin XCConfigurationList section */
		041940D62A3FFF3C00E47FC2 /* Build configuration list for PBXProject "ProductUIUsingRESTAPI" */ = {
			isa = XCConfigurationList;
			buildConfigurations = (
				041940ED2A3FFF3E00E47FC2 /* Debug */,
				041940EE2A3FFF3E00E47FC2 /* Release */,
			);
			defaultConfigurationIsVisible = 0;
			defaultConfigurationName = Release;
		};
		041940EF2A3FFF3E00E47FC2 /* Build configuration list for PBXNativeTarget "ProductUIUsingRESTAPI" */ = {
			isa = XCConfigurationList;
			buildConfigurations = (
				041940F02A3FFF3E00E47FC2 /* Debug */,
				041940F12A3FFF3E00E47FC2 /* Release */,
			);
			defaultConfigurationIsVisible = 0;
			defaultConfigurationName = Release;
		};
/* End XCConfigurationList section */

/* Begin XCRemoteSwiftPackageReference section */
		0419410E2A40372600E47FC2 /* XCRemoteSwiftPackageReference "Kingfisher" */ = {
			isa = XCRemoteSwiftPackageReference;
			repositoryURL = "https://github.com/onevcat/Kingfisher.git";
			requirement = {
				kind = upToNextMajorVersion;
				minimumVersion = 7.0.0;
			};
		};
/* End XCRemoteSwiftPackageReference section */

/* Begin XCSwiftPackageProductDependency section */
		0419410F2A40372600E47FC2 /* Kingfisher */ = {
			isa = XCSwiftPackageProductDependency;
			package = 0419410E2A40372600E47FC2 /* XCRemoteSwiftPackageReference "Kingfisher" */;
			productName = Kingfisher;
		};
/* End XCSwiftPackageProductDependency section */
	};
	rootObject = 041940D32A3FFF3C00E47FC2 /* Project object */;
}
